Microsoft Visual Studio Solution File, Format Version 12.00
# Visual Studio Version 17
VisualStudioVersion = 17.5.2.0
MinimumVisualStudioVersion = 10.0.40219.1
Project("{2150E333-8FDC-42A3-9474-1A3956D46DE8}") = "Project 04", "Project 04", "{7D4AD7EA-6A53-9676-79EA-839297241D4B}"
EndProject
Project("{FAE04EC0-301F-11D3-BF4B-00C04F79EFBC}") = "LopCRUDApp", "Project 04\LopCRUDApp\LopCRUDApp.csproj", "{F71A383A-7F11-3FF0-8338-B32423FB80C6}"
EndProject
Global
	GlobalSection(SolutionConfigurationPlatforms) = preSolution
		Debug|Any CPU = Debug|Any CPU
		Release|Any CPU = Release|Any CPU
	EndGlobalSection
	GlobalSection(ProjectConfigurationPlatforms) = postSolution
		{F71A383A-7F11-3FF0-8338-B32423FB80C6}.Debug|Any CPU.ActiveCfg = Debug|Any CPU
		{F71A383A-7F11-3FF0-8338-B32423FB80C6}.Debug|Any CPU.Build.0 = Debug|Any CPU
		{F71A383A-7F11-3FF0-8338-B32423FB80C6}.Release|Any CPU.ActiveCfg = Release|Any CPU
		{F71A383A-7F11-3FF0-8338-B32423FB80C6}.Release|Any CPU.Build.0 = Release|Any CPU
	EndGlobalSection
	GlobalSection(SolutionProperties) = preSolution
		HideSolutionNode = FALSE
	EndGlobalSection
	GlobalSection(NestedProjects) = preSolution
		{F71A383A-7F11-3FF0-8338-B32423FB80C6} = {7D4AD7EA-6A53-9676-79EA-839297241D4B}
	EndGlobalSection
	GlobalSection(ExtensibilityGlobals) = postSolution
		SolutionGuid = {A84ECBE6-1863-4E9E-BB84-AE2371E5F09C}
	EndGlobalSection
EndGlobal
